
Microsoft Visual Studio Solution File, Format Version 12.00
# Visual Studio Version 16
VisualStudioVersion = 16.0.33130.400
MinimumVisualStudioVersion = 10.0.40219.1
Project("{FAE04EC0-301F-11D3-BF4B-00C04F79EFBC}") = "VCTPatternMatch", "PatternMatch\VCTPatternMatch.csproj", "{7D5F3CC6-720F-478D-BCEC-98466379B047}"
EndProject
Project("{FAE04EC0-301F-11D3-BF4B-00C04F79EFBC}") = "ClientApplication", "ClientApplication\ClientApplication.csproj", "{9C0DEB31-E410-4CAE-9BFF-DACDFC94C4CD}"
EndProject
Global
	GlobalSection(SolutionConfigurationPlatforms) = preSolution
		Debug|Any CPU = Debug|Any CPU
		Release|Any CPU = Release|Any CPU
	EndGlobalSection
	GlobalSection(ProjectConfigurationPlatforms) = postSolution
		{7D5F3CC6-720F-478D-BCEC-98466379B047}.Debug|Any CPU.ActiveCfg = Debug|Any CPU
		{7D5F3CC6-720F-478D-BCEC-98466379B047}.Debug|Any CPU.Build.0 = Debug|Any CPU
		{7D5F3CC6-720F-478D-BCEC-98466379B047}.Release|Any CPU.ActiveCfg = Release|Any CPU
		{7D5F3CC6-720F-478D-BCEC-98466379B047}.Release|Any CPU.Build.0 = Release|Any CPU
		{9C0DEB31-E410-4CAE-9BFF-DACDFC94C4CD}.Debug|Any CPU.ActiveCfg = Debug|Any CPU
		{9C0DEB31-E410-4CAE-9BFF-DACDFC94C4CD}.Debug|Any CPU.Build.0 = Debug|Any CPU
		{9C0DEB31-E410-4CAE-9BFF-DACDFC94C4CD}.Release|Any CPU.ActiveCfg = Release|Any CPU
		{9C0DEB31-E410-4CAE-9BFF-DACDFC94C4CD}.Release|Any CPU.Build.0 = Release|Any CPU
	EndGlobalSection
	GlobalSection(SolutionProperties) = preSolution
		HideSolutionNode = FALSE
	EndGlobalSection
	GlobalSection(ExtensibilityGlobals) = postSolution
		SolutionGuid = {B6431192-D396-40A4-BC2D-3AA5A899694D}
	EndGlobalSection
EndGlobal
